
Microsoft Visual Studio Solution File, Format Version 12.00
Project("{FAE04EC0-301F-11D3-BF4B-00C04F79EFBC}") = "NeuralNetworksLab3.WebApi", "src\NeuralNetworksLab3.WebApi\NeuralNetworksLab3.WebApi.csproj", "{3D662996-F9CB-4CB8-95C0-9BBBCC046D08}"
EndProject
Global
	GlobalSection(SolutionConfigurationPlatforms) = preSolution
		Debug|Any CPU = Debug|Any CPU
		Release|Any CPU = Release|Any CPU
	EndGlobalSection
	GlobalSection(ProjectConfigurationPlatforms) = postSolution
		{3D662996-F9CB-4CB8-95C0-9BBBCC046D08}.Debug|Any CPU.ActiveCfg = Debug|Any CPU
		{3D662996-F9CB-4CB8-95C0-9BBBCC046D08}.Debug|Any CPU.Build.0 = Debug|Any CPU
		{3D662996-F9CB-4CB8-95C0-9BBBCC046D08}.Release|Any CPU.ActiveCfg = Release|Any CPU
		{3D662996-F9CB-4CB8-95C0-9BBBCC046D08}.Release|Any CPU.Build.0 = Release|Any CPU
	EndGlobalSection
EndGlobal
